
Microsoft Visual Studio Solution File, Format Version 12.00
Project("{FAE04EC0-301F-11D3-BF4B-00C04F79EFBC}") = "Texnokaktus.ProgOlymp.YandexIdIntegrationService", "Texnokaktus.ProgOlymp.YandexIdIntegrationService\Texnokaktus.ProgOlymp.YandexIdIntegrationService.csproj", "{3D0E4284-AA0E-431E-8FD6-1BD962E21017}"
EndProject
Project("{FAE04EC0-301F-11D3-BF4B-00C04F79EFBC}") = "Texnokaktus.ProgOlymp.YandexIdIntegrationService.DataAccess", "Texnokaktus.ProgOlymp.YandexIdIntegrationService.DataAccess\Texnokaktus.ProgOlymp.YandexIdIntegrationService.DataAccess.csproj", "{8D10D4A3-938F-4833-A2D6-FEA709685542}"
EndProject
Project("{FAE04EC0-301F-11D3-BF4B-00C04F79EFBC}") = "Texnokaktus.ProgOlymp.YandexIdIntegrationService.YandexClient", "Texnokaktus.ProgOlymp.YandexIdIntegrationService.YandexClient\Texnokaktus.ProgOlymp.YandexIdIntegrationService.YandexClient.csproj", "{35F4B862-0369-4BF6-8DE5-B83A3999863F}"
EndProject
Project("{FAE04EC0-301F-11D3-BF4B-00C04F79EFBC}") = "Texnokaktus.ProgOlymp.YandexIdIntegrationService.Logic", "Texnokaktus.ProgOlymp.YandexIdIntegrationService.Logic\Texnokaktus.ProgOlymp.YandexIdIntegrationService.Logic.csproj", "{F290D8B2-B129-482F-82D4-1FEE7236A415}"
EndProject
Project("{FAE04EC0-301F-11D3-BF4B-00C04F79EFBC}") = "Texnokaktus.ProgOlymp.YandexIdIntegrationService.Domain", "Texnokaktus.ProgOlymp.YandexIdIntegrationService.Domain\Texnokaktus.ProgOlymp.YandexIdIntegrationService.Domain.csproj", "{99FBF5D1-4777-4657-9EBB-E3A14F5038B3}"
EndProject
Project("{2150E333-8FDC-42A3-9474-1A3956D46DE8}") = "Common", "Common", "{C16EE95A-BAA5-4178-8819-AAA6D79ADF69}"
EndProject
Project("{FAE04EC0-301F-11D3-BF4B-00C04F79EFBC}") = "Texnokaktus.ProgOlymp.Common.Contracts", "modules\Common.Contracts\Texnokaktus.ProgOlymp.Common.Contracts\Texnokaktus.ProgOlymp.Common.Contracts.csproj", "{5B32B30C-8EBD-46E7-B547-E38C3AC6D41B}"
EndProject
Global
	GlobalSection(SolutionConfigurationPlatforms) = preSolution
		Debug|Any CPU = Debug|Any CPU
		Release|Any CPU = Release|Any CPU
	EndGlobalSection
	GlobalSection(ProjectConfigurationPlatforms) = postSolution
		{3D0E4284-AA0E-431E-8FD6-1BD962E21017}.Debug|Any CPU.ActiveCfg = Debug|Any CPU
		{3D0E4284-AA0E-431E-8FD6-1BD962E21017}.Debug|Any CPU.Build.0 = Debug|Any CPU
		{3D0E4284-AA0E-431E-8FD6-1BD962E21017}.Release|Any CPU.ActiveCfg = Release|Any CPU
		{3D0E4284-AA0E-431E-8FD6-1BD962E21017}.Release|Any CPU.Build.0 = Release|Any CPU
		{8D10D4A3-938F-4833-A2D6-FEA709685542}.Debug|Any CPU.ActiveCfg = Debug|Any CPU
		{8D10D4A3-938F-4833-A2D6-FEA709685542}.Debug|Any CPU.Build.0 = Debug|Any CPU
		{8D10D4A3-938F-4833-A2D6-FEA709685542}.Release|Any CPU.ActiveCfg = Release|Any CPU
		{8D10D4A3-938F-4833-A2D6-FEA709685542}.Release|Any CPU.Build.0 = Release|Any CPU
		{35F4B862-0369-4BF6-8DE5-B83A3999863F}.Debug|Any CPU.ActiveCfg = Debug|Any CPU
		{35F4B862-0369-4BF6-8DE5-B83A3999863F}.Debug|Any CPU.Build.0 = Debug|Any CPU
		{35F4B862-0369-4BF6-8DE5-B83A3999863F}.Release|Any CPU.ActiveCfg = Release|Any CPU
		{35F4B862-0369-4BF6-8DE5-B83A3999863F}.Release|Any CPU.Build.0 = Release|Any CPU
		{F290D8B2-B129-482F-82D4-1FEE7236A415}.Debug|Any CPU.ActiveCfg = Debug|Any CPU
		{F290D8B2-B129-482F-82D4-1FEE7236A415}.Debug|Any CPU.Build.0 = Debug|Any CPU
		{F290D8B2-B129-482F-82D4-1FEE7236A415}.Release|Any CPU.ActiveCfg = Release|Any CPU
		{F290D8B2-B129-482F-82D4-1FEE7236A415}.Release|Any CPU.Build.0 = Release|Any CPU
		{99FBF5D1-4777-4657-9EBB-E3A14F5038B3}.Debug|Any CPU.ActiveCfg = Debug|Any CPU
		{99FBF5D1-4777-4657-9EBB-E3A14F5038B3}.Debug|Any CPU.Build.0 = Debug|Any CPU
		{99FBF5D1-4777-4657-9EBB-E3A14F5038B3}.Release|Any CPU.ActiveCfg = Release|Any CPU
		{99FBF5D1-4777-4657-9EBB-E3A14F5038B3}.Release|Any CPU.Build.0 = Release|Any CPU
		{5B32B30C-8EBD-46E7-B547-E38C3AC6D41B}.Debug|Any CPU.ActiveCfg = Debug|Any CPU
		{5B32B30C-8EBD-46E7-B547-E38C3AC6D41B}.Debug|Any CPU.Build.0 = Debug|Any CPU
		{5B32B30C-8EBD-46E7-B547-E38C3AC6D41B}.Release|Any CPU.ActiveCfg = Release|Any CPU
		{5B32B30C-8EBD-46E7-B547-E38C3AC6D41B}.Release|Any CPU.Build.0 = Release|Any CPU
	EndGlobalSection
	GlobalSection(NestedProjects) = preSolution
		{5B32B30C-8EBD-46E7-B547-E38C3AC6D41B} = {C16EE95A-BAA5-4178-8819-AAA6D79ADF69}
	EndGlobalSection
EndGlobal
