
Microsoft Visual Studio Solution File, Format Version 12.00
Project("{FAE04EC0-301F-11D3-BF4B-00C04F79EFBC}") = "Texnokaktus.ProgOlymp.YandexIdIntegrationService", "Texnokaktus.ProgOlymp.YandexIdIntegrationService\Texnokaktus.ProgOlymp.YandexIdIntegrationService.csproj", "{3D0E4284-AA0E-431E-8FD6-1BD962E21017}"
EndProject
Project("{FAE04EC0-301F-11D3-BF4B-00C04F79EFBC}") = "Texnokaktus.ProgOlymp.YandexIdIntegrationService.DataAccess", "Texnokaktus.ProgOlymp.YandexIdIntegrationService.DataAccess\Texnokaktus.ProgOlymp.YandexIdIntegrationService.DataAccess.csproj", "{8D10D4A3-938F-4833-A2D6-FEA709685542}"
EndProject
Global
	GlobalSection(SolutionConfigurationPlatforms) = preSolution
		Debug|Any CPU = Debug|Any CPU
		Release|Any CPU = Release|Any CPU
	EndGlobalSection
	GlobalSection(ProjectConfigurationPlatforms) = postSolution
		{3D0E4284-AA0E-431E-8FD6-1BD962E21017}.Debug|Any CPU.ActiveCfg = Debug|Any CPU
		{3D0E4284-AA0E-431E-8FD6-1BD962E21017}.Debug|Any CPU.Build.0 = Debug|Any CPU
		{3D0E4284-AA0E-431E-8FD6-1BD962E21017}.Release|Any CPU.ActiveCfg = Release|Any CPU
		{3D0E4284-AA0E-431E-8FD6-1BD962E21017}.Release|Any CPU.Build.0 = Release|Any CPU
		{8D10D4A3-938F-4833-A2D6-FEA709685542}.Debug|Any CPU.ActiveCfg = Debug|Any CPU
		{8D10D4A3-938F-4833-A2D6-FEA709685542}.Debug|Any CPU.Build.0 = Debug|Any CPU
		{8D10D4A3-938F-4833-A2D6-FEA709685542}.Release|Any CPU.ActiveCfg = Release|Any CPU
		{8D10D4A3-938F-4833-A2D6-FEA709685542}.Release|Any CPU.Build.0 = Release|Any CPU
	EndGlobalSection
EndGlobal
